
Microsoft Visual Studio Solution File, Format Version 12.00
# Visual Studio 15
VisualStudioVersion = 15.0.28307.329
MinimumVisualStudioVersion = 10.0.40219.1
Project("{9A19103F-16F7-4668-BE54-9A1E7A4F7556}") = "MyHotel", "MyHotel.csproj", "{AB8865E3-A032-4CB1-8570-89CF153FDD03}"
EndProject
Global
	GlobalSection(SolutionConfigurationPlatforms) = preSolution
		Debug|Any CPU = Debug|Any CPU
		Release|Any CPU = Release|Any CPU
	EndGlobalSection
	GlobalSection(ProjectConfigurationPlatforms) = postSolution
		{AB8865E3-A032-4CB1-8570-89CF153FDD03}.Debug|Any CPU.ActiveCfg = Debug|Any CPU
		{AB8865E3-A032-4CB1-8570-89CF153FDD03}.Debug|Any CPU.Build.0 = Debug|Any CPU
		{AB8865E3-A032-4CB1-8570-89CF153FDD03}.Release|Any CPU.ActiveCfg = Release|Any CPU
		{AB8865E3-A032-4CB1-8570-89CF153FDD03}.Release|Any CPU.Build.0 = Release|Any CPU
	EndGlobalSection
	GlobalSection(SolutionProperties) = preSolution
		HideSolutionNode = FALSE
	EndGlobalSection
	GlobalSection(ExtensibilityGlobals) = postSolution
		SolutionGuid = {973F526F-C202-4217-AE41-99C917F3675B}
	EndGlobalSection
EndGlobal
